
Microsoft Visual Studio Solution File, Format Version 12.00
# Visual Studio Version 17
VisualStudioVersion = 17.2.32616.157
MinimumVisualStudioVersion = 10.0.40219.1
Project("{9A19103F-16F7-4668-BE54-9A1E7A4F7556}") = "XOX", "XOX\XOX.csproj", "{FA66796D-0404-4292-A539-64841C965558}"
EndProject
Global
	GlobalSection(SolutionConfigurationPlatforms) = preSolution
		Debug|Any CPU = Debug|Any CPU
		Release|Any CPU = Release|Any CPU
	EndGlobalSection
	GlobalSection(ProjectConfigurationPlatforms) = postSolution
		{FA66796D-0404-4292-A539-64841C965558}.Debug|Any CPU.ActiveCfg = Debug|Any CPU
		{FA66796D-0404-4292-A539-64841C965558}.Debug|Any CPU.Build.0 = Debug|Any CPU
		{FA66796D-0404-4292-A539-64841C965558}.Release|Any CPU.ActiveCfg = Release|Any CPU
		{FA66796D-0404-4292-A539-64841C965558}.Release|Any CPU.Build.0 = Release|Any CPU
	EndGlobalSection
	GlobalSection(SolutionProperties) = preSolution
		HideSolutionNode = FALSE
	EndGlobalSection
	GlobalSection(ExtensibilityGlobals) = postSolution
		SolutionGuid = {3F64E85B-E109-4425-9F16-CB66B375A6D3}
	EndGlobalSection
EndGlobal
